
Microsoft Visual Studio Solution File, Format Version 12.00
# Visual Studio Version 17
VisualStudioVersion = 17.7.34031.279
MinimumVisualStudioVersion = 10.0.40219.1
Project("{FAE04EC0-301F-11D3-BF4B-00C04F79EFBC}") = "WaveMaster-Backend", "WaveMaster-Backend.csproj", "{ADDE5F1E-01F6-47A1-89C3-F46D1BE1FA07}"
EndProject
Global
	GlobalSection(SolutionConfigurationPlatforms) = preSolution
		Debug|Any CPU = Debug|Any CPU
		Release|Any CPU = Release|Any CPU
	EndGlobalSection
	GlobalSection(ProjectConfigurationPlatforms) = postSolution
		{ADDE5F1E-01F6-47A1-89C3-F46D1BE1FA07}.Debug|Any CPU.ActiveCfg = Debug|Any CPU
		{ADDE5F1E-01F6-47A1-89C3-F46D1BE1FA07}.Debug|Any CPU.Build.0 = Debug|Any CPU
		{ADDE5F1E-01F6-47A1-89C3-F46D1BE1FA07}.Release|Any CPU.ActiveCfg = Release|Any CPU
		{ADDE5F1E-01F6-47A1-89C3-F46D1BE1FA07}.Release|Any CPU.Build.0 = Release|Any CPU
	EndGlobalSection
	GlobalSection(SolutionProperties) = preSolution
		HideSolutionNode = FALSE
	EndGlobalSection
	GlobalSection(ExtensibilityGlobals) = postSolution
		SolutionGuid = {2A7D304F-5811-4C63-99A1-799BFB28FE73}
	EndGlobalSection
EndGlobal
